
Microsoft Visual Studio Solution File, Format Version 12.00
# Visual Studio Version 17
VisualStudioVersion = 17.6.33815.320
MinimumVisualStudioVersion = 10.0.40219.1
Project("{FAE04EC0-301F-11D3-BF4B-00C04F79EFBC}") = "IkG2p", "IkG2p\IkG2p.csproj", "{588382D0-9A0A-46F2-A7C6-F56324A9DD92}"
EndProject
Project("{FAE04EC0-301F-11D3-BF4B-00C04F79EFBC}") = "IkG2pTest", "IkG2pTest\IkG2pTest.csproj", "{199E5B13-272E-4B5C-908C-7585C681FB6C}"
EndProject
Global
	GlobalSection(SolutionConfigurationPlatforms) = preSolution
		Debug|Any CPU = Debug|Any CPU
		Debug|x64 = Debug|x64
		Release|Any CPU = Release|Any CPU
		Release|x64 = Release|x64
	EndGlobalSection
	GlobalSection(ProjectConfigurationPlatforms) = postSolution
		{588382D0-9A0A-46F2-A7C6-F56324A9DD92}.Debug|Any CPU.ActiveCfg = Debug|Any CPU
		{588382D0-9A0A-46F2-A7C6-F56324A9DD92}.Debug|Any CPU.Build.0 = Debug|Any CPU
		{588382D0-9A0A-46F2-A7C6-F56324A9DD92}.Debug|x64.ActiveCfg = Debug|Any CPU
		{588382D0-9A0A-46F2-A7C6-F56324A9DD92}.Debug|x64.Build.0 = Debug|Any CPU
		{588382D0-9A0A-46F2-A7C6-F56324A9DD92}.Release|Any CPU.ActiveCfg = Release|Any CPU
		{588382D0-9A0A-46F2-A7C6-F56324A9DD92}.Release|Any CPU.Build.0 = Release|Any CPU
		{588382D0-9A0A-46F2-A7C6-F56324A9DD92}.Release|x64.ActiveCfg = Release|x64
		{588382D0-9A0A-46F2-A7C6-F56324A9DD92}.Release|x64.Build.0 = Release|x64
		{199E5B13-272E-4B5C-908C-7585C681FB6C}.Debug|Any CPU.ActiveCfg = Debug|Any CPU
		{199E5B13-272E-4B5C-908C-7585C681FB6C}.Debug|Any CPU.Build.0 = Debug|Any CPU
		{199E5B13-272E-4B5C-908C-7585C681FB6C}.Debug|x64.ActiveCfg = Debug|Any CPU
		{199E5B13-272E-4B5C-908C-7585C681FB6C}.Debug|x64.Build.0 = Debug|Any CPU
		{199E5B13-272E-4B5C-908C-7585C681FB6C}.Release|Any CPU.ActiveCfg = Release|Any CPU
		{199E5B13-272E-4B5C-908C-7585C681FB6C}.Release|Any CPU.Build.0 = Release|Any CPU
		{199E5B13-272E-4B5C-908C-7585C681FB6C}.Release|x64.ActiveCfg = Release|Any CPU
		{199E5B13-272E-4B5C-908C-7585C681FB6C}.Release|x64.Build.0 = Release|Any CPU
	EndGlobalSection
	GlobalSection(SolutionProperties) = preSolution
		HideSolutionNode = FALSE
	EndGlobalSection
	GlobalSection(ExtensibilityGlobals) = postSolution
		SolutionGuid = {59949475-C531-43CC-AEE1-2D1DB7F51141}
	EndGlobalSection
EndGlobal
